
Microsoft Visual Studio Solution File, Format Version 11.00
# Visual Studio 2010
Project("{8BC9CEB8-8B4A-11D0-8D11-00A0C91BC942}") = "sscanf", "sscanf.vcxproj", "{C26720F7-2E1A-4AE0-A611-0956EC9CEA8C}"
EndProject
Project("{8BC9CEB8-8B4A-11D0-8D11-00A0C91BC942}") = "tests", "tests.vcxproj", "{D48BA93F-26AF-4F82-81AA-E23A59854BEC}"
EndProject
Global
	GlobalSection(SolutionConfigurationPlatforms) = preSolution
		Debug|Win32 = Debug|Win32
		Release|Win32 = Release|Win32
	EndGlobalSection
	GlobalSection(ProjectConfigurationPlatforms) = postSolution
		{C26720F7-2E1A-4AE0-A611-0956EC9CEA8C}.Debug|Win32.ActiveCfg = Debug|Win32
		{C26720F7-2E1A-4AE0-A611-0956EC9CEA8C}.Debug|Win32.Build.0 = Debug|Win32
		{C26720F7-2E1A-4AE0-A611-0956EC9CEA8C}.Release|Win32.ActiveCfg = Release|Win32
		{C26720F7-2E1A-4AE0-A611-0956EC9CEA8C}.Release|Win32.Build.0 = Release|Win32
		{D48BA93F-26AF-4F82-81AA-E23A59854BEC}.Debug|Win32.ActiveCfg = Debug|Win32
		{D48BA93F-26AF-4F82-81AA-E23A59854BEC}.Debug|Win32.Build.0 = Debug|Win32
		{D48BA93F-26AF-4F82-81AA-E23A59854BEC}.Release|Win32.ActiveCfg = Debug|Win32
		{D48BA93F-26AF-4F82-81AA-E23A59854BEC}.Release|Win32.Build.0 = Debug|Win32
	EndGlobalSection
	GlobalSection(SolutionProperties) = preSolution
		HideSolutionNode = FALSE
	EndGlobalSection
EndGlobal
